{
  "name": "unitydebugadapter",
  "version": "1.0.0",
  "lockfileVersion": 2,
  "requires": true,
  "packages": {
    "": {
      "name": "unitydebugadapter",
      "version": "1.0.0",
      "license": "MIT",
      "dependencies": {
        "vscode-debugadapter": "^1.49.0"
      }
    },
    "node_modules/mkdirp": {
      "version": "1.0.4",
      "resolved": "https://registry.npmjs.org/mkdirp/-/mkdirp-1.0.4.tgz",
      "integrity": "sha512-vVqVZQyf3WLx2Shd0qJ9xuvqgAyKPLAiqITEtqW0oIUjzo3PePDd6fW9iFz30ef7Ysp/oiWqbhszeGWW2T6Gzw==",
      "bin": {
        "mkdirp": "bin/cmd.js"
      },
      "engines": {
        "node": ">=10"
      }
    },
    "node_modules/vscode-debugadapter": {
      "version": "1.49.0",
      "resolved": "https://registry.npmjs.org/vscode-debugadapter/-/vscode-debugadapter-1.49.0.tgz",
      "integrity": "sha512-nhes9zaLanFcHuchytOXGsLTGpU5qkz10mC9gVchiwNuX2Bljmc6+wsNbCyE5dOxu6F0pn3f+LEJQGMU1kcnvQ==",
      "dependencies": {
        "mkdirp": "^1.0.4",
        "vscode-debugprotocol": "1.49.0"
      }
    },
    "node_modules/vscode-debugprotocol": {
      "version": "1.49.0",
      "resolved": "https://registry.npmjs.org/vscode-debugprotocol/-/vscode-debugprotocol-1.49.0.tgz",
      "integrity": "sha512-3VkK3BmaqN+BGIq4lavWp9a2IC6VYgkWkkMQm6Sa5ACkhBF6ThJDrkP+/3rFE4G7F8+mM3f4bhhJhhMax2IPfg=="
    }
  },
  "dependencies": {
    "mkdirp": {
      "version": "1.0.4",
      "resolved": "https://registry.npmjs.org/mkdirp/-/mkdirp-1.0.4.tgz",
      "integrity": "sha512-vVqVZQyf3WLx2Shd0qJ9xuvqgAyKPLAiqITEtqW0oIUjzo3PePDd6fW9iFz30ef7Ysp/oiWqbhszeGWW2T6Gzw=="
    },
    "vscode-debugadapter": {
      "version": "1.49.0",
      "resolved": "https://registry.npmjs.org/vscode-debugadapter/-/vscode-debugadapter-1.49.0.tgz",
      "integrity": "sha512-nhes9zaLanFcHuchytOXGsLTGpU5qkz10mC9gVchiwNuX2Bljmc6+wsNbCyE5dOxu6F0pn3f+LEJQGMU1kcnvQ==",
      "requires": {
        "mkdirp": "^1.0.4",
        "vscode-debugprotocol": "1.49.0"
      }
    },
    "vscode-debugprotocol": {
      "version": "1.49.0",
      "resolved": "https://registry.npmjs.org/vscode-debugprotocol/-/vscode-debugprotocol-1.49.0.tgz",
      "integrity": "sha512-3VkK3BmaqN+BGIq4lavWp9a2IC6VYgkWkkMQm6Sa5ACkhBF6ThJDrkP+/3rFE4G7F8+mM3f4bhhJhhMax2IPfg=="
    }
  }
}
